// !$*UTF8*$!
{
	archiveVersion = 1;
	classes = {
	};
	objectVersion = 56;
	objects = {

/* Begin PBXBuildFile section */
		7FA9CE732C247BA700FCA03D /* instragramApp.swift in Sources */ = {isa = PBXBuildFile; fileRef = 7FA9CE722C247BA700FCA03D /* instragramApp.swift */; };
		7FA9CE752C247BA700FCA03D /* ContentView.swift in Sources */ = {isa = PBXBuildFile; fileRef = 7FA9CE742C247BA700FCA03D /* ContentView.swift */; };
		7FA9CE772C247BA800FCA03D /* Assets.xcassets in Resources */ = {isa = PBXBuildFile; fileRef = 7FA9CE762C247BA800FCA03D /* Assets.xcassets */; };
		7FA9CE7A2C247BA800FCA03D /* Preview Assets.xcassets in Resources */ = {isa = PBXBuildFile; fileRef = 7FA9CE792C247BA800FCA03D /* Preview Assets.xcassets */; };
		7FA9CE842C247BA800FCA03D /* instragramTests.swift in Sources */ = {isa = PBXBuildFile; fileRef = 7FA9CE832C247BA800FCA03D /* instragramTests.swift */; };
		7FA9CE8E2C247BA800FCA03D /* instragramUITests.swift in Sources */ = {isa = PBXBuildFile; fileRef = 7FA9CE8D2C247BA800FCA03D /* instragramUITests.swift */; };
		7FA9CE902C247BA800FCA03D /* instragramUITestsLaunchTests.swift in Sources */ = {isa = PBXBuildFile; fileRef = 7FA9CE8F2C247BA800FCA03D /* instragramUITestsLaunchTests.swift */; };
/* End PBXBuildFile section */

/* Begin PBXContainerItemProxy section */
		7FA9CE802C247BA800FCA03D /* PBXContainerItemProxy */ = {
			isa = PBXContainerItemProxy;
			containerPortal = 7FA9CE672C247BA700FCA03D /* Project object */;
			proxyType = 1;
			remoteGlobalIDString = 7FA9CE6E2C247BA700FCA03D;
			remoteInfo = instragram;
		};
		7FA9CE8A2C247BA800FCA03D /* PBXContainerItemProxy */ = {
			isa = PBXContainerItemProxy;
			containerPortal = 7FA9CE672C247BA700FCA03D /* Project object */;
			proxyType = 1;
			remoteGlobalIDString = 7FA9CE6E2C247BA700FCA03D;
			remoteInfo = instragram;
		};
/* End PBXContainerItemProxy section */

/* Begin PBXFileReference section */
		7FA9CE6F2C247BA700FCA03D /* instragram.app */ = {isa = PBXFileReference; explicitFileType = wrapper.application; includeInIndex = 0; path = instragram.app; sourceTree = BUILT_PRODUCTS_DIR; };
		7FA9CE722C247BA700FCA03D /* instragramApp.swift */ = {isa = PBXFileReference; lastKnownFileType = sourcecode.swift; path = instragramApp.swift; sourceTree = "<group>"; };
		7FA9CE742C247BA700FCA03D /* ContentView.swift */ = {isa = PBXFileReference; lastKnownFileType = sourcecode.swift; path = ContentView.swift; sourceTree = "<group>"; };
		7FA9CE762C247BA800FCA03D /* Assets.xcassets */ = {isa = PBXFileReference; lastKnownFileType = folder.assetcatalog; path = Assets.xcassets; sourceTree = "<group>"; };
		7FA9CE792C247BA800FCA03D /* Preview Assets.xcassets */ = {isa = PBXFileReference; lastKnownFileType = folder.assetcatalog; path = "Preview Assets.xcassets"; sourceTree = "<group>"; };
		7FA9CE7F2C247BA800FCA03D /* instragramTests.xctest */ = {isa = PBXFileReference; explicitFileType = wrapper.cfbundle; includeInIndex = 0; path = instragramTests.xctest; sourceTree = BUILT_PRODUCTS_DIR; };
		7FA9CE832C247BA800FCA03D /* instragramTests.swift */ = {isa = PBXFileReference; lastKnownFileType = sourcecode.swift; path = instragramTests.swift; sourceTree = "<group>"; };
		7FA9CE892C247BA800FCA03D /* instragramUITests.xctest */ = {isa = PBXFileReference; explicitFileType = wrapper.cfbundle; includeInIndex = 0; path = instragramUITests.xctest; sourceTree = BUILT_PRODUCTS_DIR; };
		7FA9CE8D2C247BA800FCA03D /* instragramUITests.swift */ = {isa = PBXFileReference; lastKnownFileType = sourcecode.swift; path = instragramUITests.swift; sourceTree = "<group>"; };
		7FA9CE8F2C247BA800FCA03D /* instragramUITestsLaunchTests.swift */ = {isa = PBXFileReference; lastKnownFileType = sourcecode.swift; path = instragramUITestsLaunchTests.swift; sourceTree = "<group>"; };
/* End PBXFileReference section */

/* Begin PBXFrameworksBuildPhase section */
		7FA9CE6C2C247BA700FCA03D /* Frameworks */ = {
			isa = PBXFrameworksBuildPhase;
			buildActionMask = 2147483647;
			files = (
			);
			runOnlyForDeploymentPostprocessing = 0;
		};
		7FA9CE7C2C247BA800FCA03D /* Frameworks */ = {
			isa = PBXFrameworksBuildPhase;
			buildActionMask = 2147483647;
			files = (
			);
			runOnlyForDeploymentPostprocessing = 0;
		};
		7FA9CE862C247BA800FCA03D /* Frameworks */ = {
			isa = PBXFrameworksBuildPhase;
			buildActionMask = 2147483647;
			files = (
			);
			runOnlyForDeploymentPostprocessing = 0;
		};
/* End PBXFrameworksBuildPhase section */

/* Begin PBXGroup section */
		7FA9CE662C247BA700FCA03D = {
			isa = PBXGroup;
			children = (
				7FA9CE712C247BA700FCA03D /* instragram */,
				7FA9CE822C247BA800FCA03D /* instragramTests */,
				7FA9CE8C2C247BA800FCA03D /* instragramUITests */,
				7FA9CE702C247BA700FCA03D /* Products */,
			);
			sourceTree = "<group>";
		};
		7FA9CE702C247BA700FCA03D /* Products */ = {
			isa = PBXGroup;
			children = (
				7FA9CE6F2C247BA700FCA03D /* instragram.app */,
				7FA9CE7F2C247BA800FCA03D /* instragramTests.xctest */,
				7FA9CE892C247BA800FCA03D /* instragramUITests.xctest */,
			);
			name = Products;
			sourceTree = "<group>";
		};
		7FA9CE712C247BA700FCA03D /* instragram */ = {
			isa = PBXGroup;
			children = (
				7FA9CE722C247BA700FCA03D /* instragramApp.swift */,
				7FA9CE742C247BA700FCA03D /* ContentView.swift */,
				7FA9CE762C247BA800FCA03D /* Assets.xcassets */,
				7FA9CE782C247BA800FCA03D /* Preview Content */,
			);
			path = instragram;
			sourceTree = "<group>";
		};
		7FA9CE782C247BA800FCA03D /* Preview Content */ = {
			isa = PBXGroup;
			children = (
				7FA9CE792C247BA800FCA03D /* Preview Assets.xcassets */,
			);
			path = "Preview Content";
			sourceTree = "<group>";
		};
		7FA9CE822C247BA800FCA03D /* instragramTests */ = {
			isa = PBXGroup;
			children = (
				7FA9CE832C247BA800FCA03D /* instragramTests.swift */,
			);
			path = instragramTests;
			sourceTree = "<group>";
		};
		7FA9CE8C2C247BA800FCA03D /* instragramUITests */ = {
			isa = PBXGroup;
			children = (
				7FA9CE8D2C247BA800FCA03D /* instragramUITests.swift */,
				7FA9CE8F2C247BA800FCA03D /* instragramUITestsLaunchTests.swift */,
			);
			path = instragramUITests;
			sourceTree = "<group>";
		};
/* End PBXGroup section */

/* Begin PBXNativeTarget section */
		7FA9CE6E2C247BA700FCA03D /* instragram */ = {
			isa = PBXNativeTarget;
			buildConfigurationList = 7FA9CE932C247BA800FCA03D /* Build configuration list for PBXNativeTarget "instragram" */;
			buildPhases = (
				7FA9CE6B2C247BA700FCA03D /* Sources */,
				7FA9CE6C2C247BA700FCA03D /* Frameworks */,
				7FA9CE6D2C247BA700FCA03D /* Resources */,
			);
			buildRules = (
			);
			dependencies = (
			);
			name = instragram;
			productName = instragram;
			productReference = 7FA9CE6F2C247BA700FCA03D /* instragram.app */;
			productType = "com.apple.product-type.application";
		};
		7FA9CE7E2C247BA800FCA03D /* instragramTests */ = {
			isa = PBXNativeTarget;
			buildConfigurationList = 7FA9CE962C247BA800FCA03D /* Build configuration list for PBXNativeTarget "instragramTests" */;
			buildPhases = (
				7FA9CE7B2C247BA800FCA03D /* Sources */,
				7FA9CE7C2C247BA800FCA03D /* Frameworks */,
				7FA9CE7D2C247BA800FCA03D /* Resources */,
			);
			buildRules = (
			);
			dependencies = (
				7FA9CE812C247BA800FCA03D /* PBXTargetDependency */,
			);
			name = instragramTests;
			productName = instragramTests;
			productReference = 7FA9CE7F2C247BA800FCA03D /* instragramTests.xctest */;
			productType = "com.apple.product-type.bundle.unit-test";
		};
		7FA9CE882C247BA800FCA03D /* instragramUITests */ = {
			isa = PBXNativeTarget;
			buildConfigurationList = 7FA9CE992C247BA800FCA03D /* Build configuration list for PBXNativeTarget "instragramUITests" */;
			buildPhases = (
				7FA9CE852C247BA800FCA03D /* Sources */,
				7FA9CE862C247BA800FCA03D /* Frameworks */,
				7FA9CE872C247BA800FCA03D /* Resources */,
			);
			buildRules = (
			);
			dependencies = (
				7FA9CE8B2C247BA800FCA03D /* PBXTargetDependency */,
			);
			name = instragramUITests;
			productName = instragramUITests;
			productReference = 7FA9CE892C247BA800FCA03D /* instragramUITests.xctest */;
			productType = "com.apple.product-type.bundle.ui-testing";
		};
/* End PBXNativeTarget section */

/* Begin PBXProject section */
		7FA9CE672C247BA700FCA03D /* Project object */ = {
			isa = PBXProject;
			attributes = {
				BuildIndependentTargetsInParallel = 1;
				LastSwiftUpdateCheck = 1540;
				LastUpgradeCheck = 1540;
				TargetAttributes = {
					7FA9CE6E2C247BA700FCA03D = {
						CreatedOnToolsVersion = 15.4;
					};
					7FA9CE7E2C247BA800FCA03D = {
						CreatedOnToolsVersion = 15.4;
						TestTargetID = 7FA9CE6E2C247BA700FCA03D;
					};
					7FA9CE882C247BA800FCA03D = {
						CreatedOnToolsVersion = 15.4;
						TestTargetID = 7FA9CE6E2C247BA700FCA03D;
					};
				};
			};
			buildConfigurationList = 7FA9CE6A2C247BA700FCA03D /* Build configuration list for PBXProject "instragram" */;
			compatibilityVersion = "Xcode 14.0";
			developmentRegion = en;
			hasScannedForEncodings = 0;
			knownRegions = (
				en,
				Base,
			);
			mainGroup = 7FA9CE662C247BA700FCA03D;
			productRefGroup = 7FA9CE702C247BA700FCA03D /* Products */;
			projectDirPath = "";
			projectRoot = "";
			targets = (
				7FA9CE6E2C247BA700FCA03D /* instragram */,
				7FA9CE7E2C247BA800FCA03D /* instragramTests */,
				7FA9CE882C247BA800FCA03D /* instragramUITests */,
			);
		};
/* End PBXProject section */

/* Begin PBXResourcesBuildPhase section */
		7FA9CE6D2C247BA700FCA03D /* Resources */ = {
			isa = PBXResourcesBuildPhase;
			buildActionMask = 2147483647;
			files = (
				7FA9CE7A2C247BA800FCA03D /* Preview Assets.xcassets in Resources */,
				7FA9CE772C247BA800FCA03D /* Assets.xcassets in Resources */,
			);
			runOnlyForDeploymentPostprocessing = 0;
		};
		7FA9CE7D2C247BA800FCA03D /* Resources */ = {
			isa = PBXResourcesBuildPhase;
			buildActionMask = 2147483647;
			files = (
			);
			runOnlyForDeploymentPostprocessing = 0;
		};
		7FA9CE872C247BA800FCA03D /* Resources */ = {
			isa = PBXResourcesBuildPhase;
			buildActionMask = 2147483647;
			files = (
			);
			runOnlyForDeploymentPostprocessing = 0;
		};
/* End PBXResourcesBuildPhase section */

/* Begin PBXSourcesBuildPhase section */
		7FA9CE6B2C247BA700FCA03D /* Sources */ = {
			isa = PBXSourcesBuildPhase;
			buildActionMask = 2147483647;
			files = (
				7FA9CE752C247BA700FCA03D /* ContentView.swift in Sources */,
				7FA9CE732C247BA700FCA03D /* instragramApp.swift in Sources */,
			);
			runOnlyForDeploymentPostprocessing = 0;
		};
		7FA9CE7B2C247BA800FCA03D /* Sources */ = {
			isa = PBXSourcesBuildPhase;
			buildActionMask = 2147483647;
			files = (
				7FA9CE842C247BA800FCA03D /* instragramTests.swift in Sources */,
			);
			runOnlyForDeploymentPostprocessing = 0;
		};
		7FA9CE852C247BA800FCA03D /* Sources */ = {
			isa = PBXSourcesBuildPhase;
			buildActionMask = 2147483647;
			files = (
				7FA9CE902C247BA800FCA03D /* instragramUITestsLaunchTests.swift in Sources */,
				7FA9CE8E2C247BA800FCA03D /* instragramUITests.swift in Sources */,
			);
			runOnlyForDeploymentPostprocessing = 0;
		};
/* End PBXSourcesBuildPhase section */

/* Begin PBXTargetDependency section */
		7FA9CE812C247BA800FCA03D /* PBXTargetDependency */ = {
			isa = PBXTargetDependency;
			target = 7FA9CE6E2C247BA700FCA03D /* instragram */;
			targetProxy = 7FA9CE802C247BA800FCA03D /* PBXContainerItemProxy */;
		};
		7FA9CE8B2C247BA800FCA03D /* PBXTargetDependency */ = {
			isa = PBXTargetDependency;
			target = 7FA9CE6E2C247BA700FCA03D /* instragram */;
			targetProxy = 7FA9CE8A2C247BA800FCA03D /* PBXContainerItemProxy */;
		};
/* End PBXTargetDependency section */

/* Begin XCBuildConfiguration section */
		7FA9CE912C247BA800FCA03D /* Debug */ = {
			isa = XCBuildConfiguration;
			buildSettings = {
				ALWAYS_SEARCH_USER_PATHS = NO;
				ASSETCATALOG_COMPILER_GENERATE_SWIFT_ASSET_SYMBOL_EXTENSIONS = YES;
				CLANG_ANALYZER_NONNULL = YES;
				CLANG_ANALYZER_NUMBER_OBJECT_CONVERSION = YES_AGGRESSIVE;
				CLANG_CXX_LANGUAGE_STANDARD = "gnu++20";
				CLANG_ENABLE_MODULES = YES;
				CLANG_ENABLE_OBJC_ARC = YES;
				CLANG_ENABLE_OBJC_WEAK = YES;
				CLANG_WARN_BLOCK_CAPTURE_AUTORELEASING = YES;
				CLANG_WARN_BOOL_CONVERSION = YES;
				CLANG_WARN_COMMA = YES;
				CLANG_WARN_CONSTANT_CONVERSION = YES;
				CLANG_WARN_DEPRECATED_OBJC_IMPLEMENTATIONS = YES;
				CLANG_WARN_DIRECT_OBJC_ISA_USAGE = YES_ERROR;
				CLANG_WARN_DOCUMENTATION_COMMENTS = YES;
				CLANG_WARN_EMPTY_BODY = YES;
				CLANG_WARN_ENUM_CONVERSION = YES;
				CLANG_WARN_INFINITE_RECURSION = YES;
				CLANG_WARN_INT_CONVERSION = YES;
				CLANG_WARN_NON_LITERAL_NULL_CONVERSION = YES;
				CLANG_WARN_OBJC_IMPLICIT_RETAIN_SELF = YES;
				CLANG_WARN_OBJC_LITERAL_CONVERSION = YES;
				CLANG_WARN_OBJC_ROOT_CLASS = YES_ERROR;
				CLANG_WARN_QUOTED_INCLUDE_IN_FRAMEWORK_HEADER = YES;
				CLANG_WARN_RANGE_LOOP_ANALYSIS = YES;
				CLANG_WARN_STRICT_PROTOTYPES = YES;
				CLANG_WARN_SUSPICIOUS_MOVE = YES;
				CLANG_WARN_UNGUARDED_AVAILABILITY = YES_AGGRESSIVE;
				CLANG_WARN_UNREACHABLE_CODE = YES;
				CLANG_WARN__DUPLICATE_METHOD_MATCH = YES;
				COPY_PHASE_STRIP = NO;
				DEBUG_INFORMATION_FORMAT = dwarf;
				ENABLE_STRICT_OBJC_MSGSEND = YES;
				ENABLE_TESTABILITY = YES;
				ENABLE_USER_SCRIPT_SANDBOXING = YES;
				GCC_C_LANGUAGE_STANDARD = gnu17;
				GCC_DYNAMIC_NO_PIC = NO;
				GCC_NO_COMMON_BLOCKS = YES;
				GCC_OPTIMIZATION_LEVEL = 0;
				GCC_PREPROCESSOR_DEFINITIONS = (
					"DEBUG=1",
					"$(inherited)",
				);
				GCC_WARN_64_TO_32_BIT_CONVERSION = YES;
				GCC_WARN_ABOUT_RETURN_TYPE = YES_ERROR;
				GCC_WARN_UNDECLARED_SELECTOR = YES;
				GCC_WARN_UNINITIALIZED_AUTOS = YES_AGGRESSIVE;
				GCC_WARN_UNUSED_FUNCTION = YES;
				GCC_WARN_UNUSED_VARIABLE = YES;
				IPHONEOS_DEPLOYMENT_TARGET = 17.5;
				LOCALIZATION_PREFERS_STRING_CATALOGS = YES;
				MTL_ENABLE_DEBUG_INFO = INCLUDE_SOURCE;
				MTL_FAST_MATH = YES;
				ONLY_ACTIVE_ARCH = YES;
				SDKROOT = iphoneos;
				SWIFT_ACTIVE_COMPILATION_CONDITIONS = "DEBUG $(inherited)";
				SWIFT_OPTIMIZATION_LEVEL = "-Onone";
			};
			name = Debug;
		};
		7FA9CE922C247BA800FCA03D /* Release */ = {
			isa = XCBuildConfiguration;
			buildSettings = {
				ALWAYS_SEARCH_USER_PATHS = NO;
				ASSETCATALOG_COMPILER_GENERATE_SWIFT_ASSET_SYMBOL_EXTENSIONS = YES;
				CLANG_ANALYZER_NONNULL = YES;
				CLANG_ANALYZER_NUMBER_OBJECT_CONVERSION = YES_AGGRESSIVE;
				CLANG_CXX_LANGUAGE_STANDARD = "gnu++20";
				CLANG_ENABLE_MODULES = YES;
				CLANG_ENABLE_OBJC_ARC = YES;
				CLANG_ENABLE_OBJC_WEAK = YES;
				CLANG_WARN_BLOCK_CAPTURE_AUTORELEASING = YES;
				CLANG_WARN_BOOL_CONVERSION = YES;
				CLANG_WARN_COMMA = YES;
				CLANG_WARN_CONSTANT_CONVERSION = YES;
				CLANG_WARN_DEPRECATED_OBJC_IMPLEMENTATIONS = YES;
				CLANG_WARN_DIRECT_OBJC_ISA_USAGE = YES_ERROR;
				CLANG_WARN_DOCUMENTATION_COMMENTS = YES;
				CLANG_WARN_EMPTY_BODY = YES;
				CLANG_WARN_ENUM_CONVERSION = YES;
				CLANG_WARN_INFINITE_RECURSION = YES;
				CLANG_WARN_INT_CONVERSION = YES;
				CLANG_WARN_NON_LITERAL_NULL_CONVERSION = YES;
				CLANG_WARN_OBJC_IMPLICIT_RETAIN_SELF = YES;
				CLANG_WARN_OBJC_LITERAL_CONVERSION = YES;
				CLANG_WARN_OBJC_ROOT_CLASS = YES_ERROR;
				CLANG_WARN_QUOTED_INCLUDE_IN_FRAMEWORK_HEADER = YES;
				CLANG_WARN_RANGE_LOOP_ANALYSIS = YES;
				CLANG_WARN_STRICT_PROTOTYPES = YES;
				CLANG_WARN_SUSPICIOUS_MOVE = YES;
				CLANG_WARN_UNGUARDED_AVAILABILITY = YES_AGGRESSIVE;
				CLANG_WARN_UNREACHABLE_CODE = YES;
				CLANG_WARN__DUPLICATE_METHOD_MATCH = YES;
				COPY_PHASE_STRIP = NO;
				DEBUG_INFORMATION_FORMAT = "dwarf-with-dsym";
				ENABLE_NS_ASSERTIONS = NO;
				ENABLE_STRICT_OBJC_MSGSEND = YES;
				ENABLE_USER_SCRIPT_SANDBOXING = YES;
				GCC_C_LANGUAGE_STANDARD = gnu17;
				GCC_NO_COMMON_BLOCKS = YES;
				GCC_WARN_64_TO_32_BIT_CONVERSION = YES;
				GCC_WARN_ABOUT_RETURN_TYPE = YES_ERROR;
				GCC_WARN_UNDECLARED_SELECTOR = YES;
				GCC_WARN_UNINITIALIZED_AUTOS = YES_AGGRESSIVE;
				GCC_WARN_UNUSED_FUNCTION = YES;
				GCC_WARN_UNUSED_VARIABLE = YES;
				IPHONEOS_DEPLOYMENT_TARGET = 17.5;
				LOCALIZATION_PREFERS_STRING_CATALOGS = YES;
				MTL_ENABLE_DEBUG_INFO = NO;
				MTL_FAST_MATH = YES;
				SDKROOT = iphoneos;
				SWIFT_COMPILATION_MODE = wholemodule;
				VALIDATE_PRODUCT = YES;
			};
			name = Release;
		};
		7FA9CE942C247BA800FCA03D /* Debug */ = {
			isa = XCBuildConfiguration;
			buildSettings = {
				ASSETCATALOG_COMPILER_APPICON_NAME = AppIcon;
				ASSETCATALOG_COMPILER_GLOBAL_ACCENT_COLOR_NAME = AccentColor;
				CODE_SIGN_STYLE = Automatic;
				CURRENT_PROJECT_VERSION = 1;
				DEVELOPMENT_ASSET_PATHS = "\"instragram/Preview Content\"";
				DEVELOPMENT_TEAM = 3XU5VHUK72;
				ENABLE_PREVIEWS = YES;
				GENERATE_INFOPLIST_FILE = YES;
				INFOPLIST_KEY_UIApplicationSceneManifest_Generation = YES;
				INFOPLIST_KEY_UIApplicationSupportsIndirectInputEvents = YES;
				INFOPLIST_KEY_UILaunchScreen_Generation = YES;
				INFOPLIST_KEY_UISupportedInterfaceOrientations_iPad = "UIInterfaceOrientationPortrait UIInterfaceOrientationPortraitUpsideDown UIInterfaceOrientationLandscapeLeft UIInterfaceOrientationLandscapeRight";
				INFOPLIST_KEY_UISupportedInterfaceOrientations_iPhone = "UIInterfaceOrientationPortrait UIInterfaceOrientationLandscapeLeft UIInterfaceOrientationLandscapeRight";
				LD_RUNPATH_SEARCH_PATHS = (
					"$(inherited)",
					"@executable_path/Frameworks",
				);
				MARKETING_VERSION = 1.0;
				PRODUCT_BUNDLE_IDENTIFIER = com.raymond.instragram;
				PRODUCT_NAME = "$(TARGET_NAME)";
				SWIFT_EMIT_LOC_STRINGS = YES;
				SWIFT_VERSION = 5.0;
				TARGETED_DEVICE_FAMILY = "1,2";
			};
			name = Debug;
		};
		7FA9CE952C247BA800FCA03D /* Release */ = {
			isa = XCBuildConfiguration;
			buildSettings = {
				ASSETCATALOG_COMPILER_APPICON_NAME = AppIcon;
				ASSETCATALOG_COMPILER_GLOBAL_ACCENT_COLOR_NAME = AccentColor;
				CODE_SIGN_STYLE = Automatic;
				CURRENT_PROJECT_VERSION = 1;
				DEVELOPMENT_ASSET_PATHS = "\"instragram/Preview Content\"";
				DEVELOPMENT_TEAM = 3XU5VHUK72;
				ENABLE_PREVIEWS = YES;
				GENERATE_INFOPLIST_FILE = YES;
				INFOPLIST_KEY_UIApplicationSceneManifest_Generation = YES;
				INFOPLIST_KEY_UIApplicationSupportsIndirectInputEvents = YES;
				INFOPLIST_KEY_UILaunchScreen_Generation = YES;
				INFOPLIST_KEY_UISupportedInterfaceOrientations_iPad = "UIInterfaceOrientationPortrait UIInterfaceOrientationPortraitUpsideDown UIInterfaceOrientationLandscapeLeft UIInterfaceOrientationLandscapeRight";
				INFOPLIST_KEY_UISupportedInterfaceOrientations_iPhone = "UIInterfaceOrientationPortrait UIInterfaceOrientationLandscapeLeft UIInterfaceOrientationLandscapeRight";
				LD_RUNPATH_SEARCH_PATHS = (
					"$(inherited)",
					"@executable_path/Frameworks",
				);
				MARKETING_VERSION = 1.0;
				PRODUCT_BUNDLE_IDENTIFIER = com.raymond.instragram;
				PRODUCT_NAME = "$(TARGET_NAME)";
				SWIFT_EMIT_LOC_STRINGS = YES;
				SWIFT_VERSION = 5.0;
				TARGETED_DEVICE_FAMILY = "1,2";
			};
			name = Release;
		};
		7FA9CE972C247BA800FCA03D /* Debug */ = {
			isa = XCBuildConfiguration;
			buildSettings = {
				ALWAYS_EMBED_SWIFT_STANDARD_LIBRARIES = YES;
				BUNDLE_LOADER = "$(TEST_HOST)";
				CODE_SIGN_STYLE = Automatic;
				CURRENT_PROJECT_VERSION = 1;
				DEVELOPMENT_TEAM = 3XU5VHUK72;
				GENERATE_INFOPLIST_FILE = YES;
				IPHONEOS_DEPLOYMENT_TARGET = 17.5;
				MARKETING_VERSION = 1.0;
				PRODUCT_BUNDLE_IDENTIFIER = com.raymond.instragramTests;
				PRODUCT_NAME = "$(TARGET_NAME)";
				SWIFT_EMIT_LOC_STRINGS = NO;
				SWIFT_VERSION = 5.0;
				TARGETED_DEVICE_FAMILY = "1,2";
				TEST_HOST = "$(BUILT_PRODUCTS_DIR)/instragram.app/$(BUNDLE_EXECUTABLE_FOLDER_PATH)/instragram";
			};
			name = Debug;
		};
		7FA9CE982C247BA800FCA03D /* Release */ = {
			isa = XCBuildConfiguration;
			buildSettings = {
				ALWAYS_EMBED_SWIFT_STANDARD_LIBRARIES = YES;
				BUNDLE_LOADER = "$(TEST_HOST)";
				CODE_SIGN_STYLE = Automatic;
				CURRENT_PROJECT_VERSION = 1;
				DEVELOPMENT_TEAM = 3XU5VHUK72;
				GENERATE_INFOPLIST_FILE = YES;
				IPHONEOS_DEPLOYMENT_TARGET = 17.5;
				MARKETING_VERSION = 1.0;
				PRODUCT_BUNDLE_IDENTIFIER = com.raymond.instragramTests;
				PRODUCT_NAME = "$(TARGET_NAME)";
				SWIFT_EMIT_LOC_STRINGS = NO;
				SWIFT_VERSION = 5.0;
				TARGETED_DEVICE_FAMILY = "1,2";
				TEST_HOST = "$(BUILT_PRODUCTS_DIR)/instragram.app/$(BUNDLE_EXECUTABLE_FOLDER_PATH)/instragram";
			};
			name = Release;
		};
		7FA9CE9A2C247BA800FCA03D /* Debug */ = {
			isa = XCBuildConfiguration;
			buildSettings = {
				ALWAYS_EMBED_SWIFT_STANDARD_LIBRARIES = YES;
				CODE_SIGN_STYLE = Automatic;
				CURRENT_PROJECT_VERSION = 1;
				DEVELOPMENT_TEAM = 3XU5VHUK72;
				GENERATE_INFOPLIST_FILE = YES;
				MARKETING_VERSION = 1.0;
				PRODUCT_BUNDLE_IDENTIFIER = com.raymond.instragramUITests;
				PRODUCT_NAME = "$(TARGET_NAME)";
				SWIFT_EMIT_LOC_STRINGS = NO;
				SWIFT_VERSION = 5.0;
				TARGETED_DEVICE_FAMILY = "1,2";
				TEST_TARGET_NAME = instragram;
			};
			name = Debug;
		};
		7FA9CE9B2C247BA800FCA03D /* Release */ = {
			isa = XCBuildConfiguration;
			buildSettings = {
				ALWAYS_EMBED_SWIFT_STANDARD_LIBRARIES = YES;
				CODE_SIGN_STYLE = Automatic;
				CURRENT_PROJECT_VERSION = 1;
				DEVELOPMENT_TEAM = 3XU5VHUK72;
				GENERATE_INFOPLIST_FILE = YES;
				MARKETING_VERSION = 1.0;
				PRODUCT_BUNDLE_IDENTIFIER = com.raymond.instragramUITests;
				PRODUCT_NAME = "$(TARGET_NAME)";
				SWIFT_EMIT_LOC_STRINGS = NO;
				SWIFT_VERSION = 5.0;
				TARGETED_DEVICE_FAMILY = "1,2";
				TEST_TARGET_NAME = instragram;
			};
			name = Release;
		};
/* End XCBuildConfiguration section */

/* Begin XCConfigurationList section */
		7FA9CE6A2C247BA700FCA03D /* Build configuration list for PBXProject "instragram" */ = {
			isa = XCConfigurationList;
			buildConfigurations = (
				7FA9CE912C247BA800FCA03D /* Debug */,
				7FA9CE922C247BA800FCA03D /* Release */,
			);
			defaultConfigurationIsVisible = 0;
			defaultConfigurationName = Release;
		};
		7FA9CE932C247BA800FCA03D /* Build configuration list for PBXNativeTarget "instragram" */ = {
			isa = XCConfigurationList;
			buildConfigurations = (
				7FA9CE942C247BA800FCA03D /* Debug */,
				7FA9CE952C247BA800FCA03D /* Release */,
			);
			defaultConfigurationIsVisible = 0;
			defaultConfigurationName = Release;
		};
		7FA9CE962C247BA800FCA03D /* Build configuration list for PBXNativeTarget "instragramTests" */ = {
			isa = XCConfigurationList;
			buildConfigurations = (
				7FA9CE972C247BA800FCA03D /* Debug */,
				7FA9CE982C247BA800FCA03D /* Release */,
			);
			defaultConfigurationIsVisible = 0;
			defaultConfigurationName = Release;
		};
		7FA9CE992C247BA800FCA03D /* Build configuration list for PBXNativeTarget "instragramUITests" */ = {
			isa = XCConfigurationList;
			buildConfigurations = (
				7FA9CE9A2C247BA800FCA03D /* Debug */,
				7FA9CE9B2C247BA800FCA03D /* Release */,
			);
			defaultConfigurationIsVisible = 0;
			defaultConfigurationName = Release;
		};
/* End XCConfigurationList section */
	};
	rootObject = 7FA9CE672C247BA700FCA03D /* Project object */;
}
